
Microsoft Visual Studio Solution File, Format Version 12.00
# Visual Studio Version 16
VisualStudioVersion = 16.0.29102.190
MinimumVisualStudioVersion = 10.0.40219.1
Project("{8BC9CEB8-8B4A-11D0-8D11-00A0C91BC942}") = "DataStruct_Algorithm", "DataStruct_Algorithm.vcxproj", "{F74A1852-A5A8-486F-8B52-A614DB6B6815}"
EndProject
Global
	GlobalSection(SolutionConfigurationPlatforms) = preSolution
		Debug|x64 = Debug|x64
		Debug|x86 = Debug|x86
		Release|x64 = Release|x64
		Release|x86 = Release|x86
	EndGlobalSection
	GlobalSection(ProjectConfigurationPlatforms) = postSolution
		{F74A1852-A5A8-486F-8B52-A614DB6B6815}.Debug|x64.ActiveCfg = Debug|x64
		{F74A1852-A5A8-486F-8B52-A614DB6B6815}.Debug|x64.Build.0 = Debug|x64
		{F74A1852-A5A8-486F-8B52-A614DB6B6815}.Debug|x86.ActiveCfg = Debug|Win32
		{F74A1852-A5A8-486F-8B52-A614DB6B6815}.Debug|x86.Build.0 = Debug|Win32
		{F74A1852-A5A8-486F-8B52-A614DB6B6815}.Release|x64.ActiveCfg = Release|x64
		{F74A1852-A5A8-486F-8B52-A614DB6B6815}.Release|x64.Build.0 = Release|x64
		{F74A1852-A5A8-486F-8B52-A614DB6B6815}.Release|x86.ActiveCfg = Release|Win32
		{F74A1852-A5A8-486F-8B52-A614DB6B6815}.Release|x86.Build.0 = Release|Win32
	EndGlobalSection
	GlobalSection(SolutionProperties) = preSolution
		HideSolutionNode = FALSE
	EndGlobalSection
	GlobalSection(ExtensibilityGlobals) = postSolution
		SolutionGuid = {2CA62BD1-658A-41B1-AACD-4A99FF6C27BB}
	EndGlobalSection
EndGlobal
